# THIS IS AN AUTOGENERATED FILE. DO NOT EDIT THIS FILE DIRECTLY.
# yarn lockfile v1


"@socket.io/component-emitter@~3.0.0":
  version "3.0.0"
  resolved "https://registry.yarnpkg.com/@socket.io/component-emitter/-/component-emitter-3.0.0.tgz#8863915676f837d9dad7b76f50cb500c1e9422e9"
  integrity sha512-2pTGuibAXJswAPJjaKisthqS/NOK5ypG4LYT6tEAV0S/mxW0zOIvYvGK0V8w8+SHxAm6vRMSjqSalFXeBAqs+Q==

backo2@~1.0.2:
  version "1.0.2"
  resolved "https://registry.yarnpkg.com/backo2/-/backo2-1.0.2.tgz#31ab1ac8b129363463e35b3ebb69f4dfcfba7947"
  integrity sha512-zj6Z6M7Eq+PBZ7PQxl5NT665MvJdAkzp0f60nAJ+sLaSCBPMwVak5ZegFbgVCzFcCJTKFoMizvM5Ld7+JrRJHA==

debug@~4.3.1, debug@~4.3.2:
  version "4.3.4"
  resolved "https://registry.yarnpkg.com/debug/-/debug-4.3.4.tgz#1319f6579357f2338d3337d2cdd4914bb5dcc865"
  integrity sha512-PRWFHuSU3eDtQJPvnNY7Jcket1j0t5OuOsFzPPzsekD52Zl8qUfFIPEiswXqIvHWGVHOgX+7G/vCNNhehwxfkQ==
  dependencies:
    ms "2.1.2"

engine.io-client@~6.0.1:
  version "6.0.3"
  resolved "https://registry.yarnpkg.com/engine.io-client/-/engine.io-client-6.0.3.tgz#59126c6fbf1846cd3b588a3869a0939e7bfb095c"
  integrity sha512-IH8ZhDIwiLv0d/wXVzmjfV9Y82hbJIDhCGSVUV8o1kcpDe2I6Y3bZA3ZbJy4Ls7k7IVmcy/qn4k9RKWFhUGf5w==
  dependencies:
    "@socket.io/component-emitter" "~3.0.0"
    debug "~4.3.1"
    engine.io-parser "~5.0.0"
    has-cors "1.1.0"
    parseqs "0.0.6"
    parseuri "0.0.6"
    ws "~8.2.3"
    xmlhttprequest-ssl "~2.0.0"
    yeast "0.1.2"

engine.io-parser@~5.0.0:
  version "5.0.4"
  resolved "https://registry.yarnpkg.com/engine.io-parser/-/engine.io-parser-5.0.4.tgz#0b13f704fa9271b3ec4f33112410d8f3f41d0fc0"
  integrity sha512-+nVFp+5z1E3HcToEnO7ZIj3g+3k9389DvWtvJZz0T6/eOCPIyyxehFcedoYrZQrp0LgQbD9pPXhpMBKMd5QURg==

has-cors@1.1.0:
  version "1.1.0"
  resolved "https://registry.yarnpkg.com/has-cors/-/has-cors-1.1.0.tgz#5e474793f7ea9843d1bb99c23eef49ff126fff39"
  integrity sha512-g5VNKdkFuUuVCP9gYfDJHjK2nqdQJ7aDLTnycnc2+RvsOQbuLdF5pm7vuE5J76SEBIQjs4kQY/BWq74JUmjbXA==

mkdirp@~1.0.4:
  version "1.0.4"
  resolved "https://registry.yarnpkg.com/mkdirp/-/mkdirp-1.0.4.tgz#3eb5ed62622756d79a5f0e2a221dfebad75c2f7e"
  integrity sha512-vVqVZQyf3WLx2Shd0qJ9xuvqgAyKPLAiqITEtqW0oIUjzo3PePDd6fW9iFz30ef7Ysp/oiWqbhszeGWW2T6Gzw==

ms@2.1.2:
  version "2.1.2"
  resolved "https://registry.yarnpkg.com/ms/-/ms-2.1.2.tgz#d09d1f357b443f493382a8eb3ccd183872ae6009"
  integrity sha512-sGkPx+VjMtmA6MX27oA4FBFELFCZZ4S4XqeGOXCv68tT+jb3vk/RyaKWP0PTKyWtmLSM0b+adUTEvbs1PEaH2w==

node-json-db@1.4.1:
  version "1.4.1"
  resolved "https://registry.yarnpkg.com/node-json-db/-/node-json-db-1.4.1.tgz#d5d0898b97902d7ffa6e082c3fe414582fcb363e"
  integrity sha512-hyfnBtuN3kb88SMmDgVil53Frygx+yYkVi6t10VjpEsPseuMI8+gT+FF37DOcyGCr/1wq6qNIr5PnFimCDlzfA==
  dependencies:
    mkdirp "~1.0.4"

parseqs@0.0.6:
  version "0.0.6"
  resolved "https://registry.yarnpkg.com/parseqs/-/parseqs-0.0.6.tgz#8e4bb5a19d1cdc844a08ac974d34e273afa670d5"
  integrity sha512-jeAGzMDbfSHHA091hr0r31eYfTig+29g3GKKE/PPbEQ65X0lmMwlEoqmhzu0iztID5uJpZsFlUPDP8ThPL7M8w==

parseuri@0.0.6:
  version "0.0.6"
  resolved "https://registry.yarnpkg.com/parseuri/-/parseuri-0.0.6.tgz#e1496e829e3ac2ff47f39a4dd044b32823c4a25a"
  integrity sha512-AUjen8sAkGgao7UyCX6Ahv0gIK2fABKmYjvP4xmy5JaKvcbTRueIqIPHLAfq30xJddqSE033IOMUSOMCcK3Sow==

socket.io-client@4.3.0:
  version "4.3.0"
  resolved "https://registry.yarnpkg.com/socket.io-client/-/socket.io-client-4.3.0.tgz#be3a22a7486e76f543ca02ef9c528b5cc3516675"
  integrity sha512-Cg3N7UWGTT2kYFZ1yShbGyrYDcqiMMv53cLNvOvweGJojwZ3N7x4fB+fyfNaq64tRUjV0Qljyj7nMV8+myBgqg==
  dependencies:
    "@socket.io/component-emitter" "~3.0.0"
    backo2 "~1.0.2"
    debug "~4.3.2"
    engine.io-client "~6.0.1"
    parseuri "0.0.6"
    socket.io-parser "~4.1.1"

socket.io-parser@~4.1.1:
  version "4.1.2"
  resolved "https://registry.yarnpkg.com/socket.io-parser/-/socket.io-parser-4.1.2.tgz#0a97d4fb8e67022158a568450a6e41887e42035e"
  integrity sha512-j3kk71QLJuyQ/hh5F/L2t1goqzdTL0gvDzuhTuNSwihfuFUrcSji0qFZmJJPtG6Rmug153eOPsUizeirf1IIog==
  dependencies:
    "@socket.io/component-emitter" "~3.0.0"
    debug "~4.3.1"

ws@~8.2.3:
  version "8.2.3"
  resolved "https://registry.yarnpkg.com/ws/-/ws-8.2.3.tgz#63a56456db1b04367d0b721a0b80cae6d8becbba"
  integrity sha512-wBuoj1BDpC6ZQ1B7DWQBYVLphPWkm8i9Y0/3YdHjHKHiohOJ1ws+3OccDWtH+PoC9DZD5WOTrJvNbWvjS6JWaA==

xmlhttprequest-ssl@~2.0.0:
  version "2.0.0"
  resolved "https://registry.yarnpkg.com/xmlhttprequest-ssl/-/xmlhttprequest-ssl-2.0.0.tgz#91360c86b914e67f44dce769180027c0da618c67"
  integrity sha512-QKxVRxiRACQcVuQEYFsI1hhkrMlrXHPegbbd1yn9UHOmRxY+si12nQYzri3vbzt8VdTTRviqcKxcyllFas5z2A==

yeast@0.1.2:
  version "0.1.2"
  resolved "https://registry.yarnpkg.com/yeast/-/yeast-0.1.2.tgz#008e06d8094320c372dbc2f8ed76a0ca6c8ac419"
  integrity sha512-8HFIh676uyGYP6wP13R/j6OJ/1HwJ46snpvzE7aHAN3Ryqh2yX6Xox2B4CUmTwwOIzlG3Bs7ocsP5dZH/R1Qbg==
